
Microsoft Visual Studio Solution File, Format Version 12.00
# Visual Studio Version 17
VisualStudioVersion = 17.14.37516.0
MinimumVisualStudioVersion = 10.0.40219.1
Project("{2150E333-8FDC-42A3-9474-1A3956D46DE8}") = "src", "src", "{02EA681E-C7D8-13C7-8484-4AC65E1B71E8}"
EndProject
Project("{2150E333-8FDC-42A3-9474-1A3956D46DE8}") = "tests", "tests", "{6670FA07-AA7E-4528-AD09-6ABCED9711C9}"
EndProject
Project("{FAE04EC0-301F-11D3-BF4B-00C04F79EFBC}") = "DVLD.Api", "src\DVLD.Api\DVLD.Api.csproj", "{5FFCDB52-0ABA-771F-4F73-ABF1A265F91A}"
EndProject
Project("{FAE04EC0-301F-11D3-BF4B-00C04F79EFBC}") = "DVLD.Infrastructure", "src\DVLD.Infrastructure\DVLD.Infrastructure.csproj", "{85F38332-3161-078D-2E3F-1E94B45FBD3C}"
EndProject
Project("{FAE04EC0-301F-11D3-BF4B-00C04F79EFBC}") = "DVLD.Shared", "src\DVLD.Shared\DVLD.Shared.csproj", "{27E63431-4EBC-F0EC-6F1D-D4D3CE2E1C76}"
EndProject
Project("{FAE04EC0-301F-11D3-BF4B-00C04F79EFBC}") = "DVLD.Domain", "src\DVLD.Domain\DVLD.Domain.csproj", "{C8334599-FFAF-6898-B353-1E2EEDB5B183}"
EndProject
Project("{FAE04EC0-301F-11D3-BF4B-00C04F79EFBC}") = "DVLD.Application", "src\DVLD.Application\DVLD.Application.csproj", "{63F4C482-74B9-BAA2-D7E5-B028EA343A78}"
EndProject
Project("{FAE04EC0-301F-11D3-BF4B-00C04F79EFBC}") = "DVLD.Domain.UnitTests", "DVLD.Domain.UnitTests\DVLD.Domain.UnitTests.csproj", "{67D98F8D-C648-442F-8B6F-BB57D3F84A1D}"
EndProject
Global
	GlobalSection(SolutionConfigurationPlatforms) = preSolution
		Debug|Any CPU = Debug|Any CPU
		Release|Any CPU = Release|Any CPU
	EndGlobalSection
	GlobalSection(ProjectConfigurationPlatforms) = postSolution
		{5FFCDB52-0ABA-771F-4F73-ABF1A265F91A}.Debug|Any CPU.ActiveCfg = Debug|Any CPU
		{5FFCDB52-0ABA-771F-4F73-ABF1A265F91A}.Debug|Any CPU.Build.0 = Debug|Any CPU
		{5FFCDB52-0ABA-771F-4F73-ABF1A265F91A}.Release|Any CPU.ActiveCfg = Release|Any CPU
		{5FFCDB52-0ABA-771F-4F73-ABF1A265F91A}.Release|Any CPU.Build.0 = Release|Any CPU
		{85F38332-3161-078D-2E3F-1E94B45FBD3C}.Debug|Any CPU.ActiveCfg = Debug|Any CPU
		{85F38332-3161-078D-2E3F-1E94B45FBD3C}.Debug|Any CPU.Build.0 = Debug|Any CPU
		{85F38332-3161-078D-2E3F-1E94B45FBD3C}.Release|Any CPU.ActiveCfg = Release|Any CPU
		{85F38332-3161-078D-2E3F-1E94B45FBD3C}.Release|Any CPU.Build.0 = Release|Any CPU
		{27E63431-4EBC-F0EC-6F1D-D4D3CE2E1C76}.Debug|Any CPU.ActiveCfg = Debug|Any CPU
		{27E63431-4EBC-F0EC-6F1D-D4D3CE2E1C76}.Debug|Any CPU.Build.0 = Debug|Any CPU
		{27E63431-4EBC-F0EC-6F1D-D4D3CE2E1C76}.Release|Any CPU.ActiveCfg = Release|Any CPU
		{27E63431-4EBC-F0EC-6F1D-D4D3CE2E1C76}.Release|Any CPU.Build.0 = Release|Any CPU
		{C8334599-FFAF-6898-B353-1E2EEDB5B183}.Debug|Any CPU.ActiveCfg = Debug|Any CPU
		{C8334599-FFAF-6898-B353-1E2EEDB5B183}.Debug|Any CPU.Build.0 = Debug|Any CPU
		{C8334599-FFAF-6898-B353-1E2EEDB5B183}.Release|Any CPU.ActiveCfg = Release|Any CPU
		{C8334599-FFAF-6898-B353-1E2EEDB5B183}.Release|Any CPU.Build.0 = Release|Any CPU
		{63F4C482-74B9-BAA2-D7E5-B028EA343A78}.Debug|Any CPU.ActiveCfg = Debug|Any CPU
		{63F4C482-74B9-BAA2-D7E5-B028EA343A78}.Debug|Any CPU.Build.0 = Debug|Any CPU
		{63F4C482-74B9-BAA2-D7E5-B028EA343A78}.Release|Any CPU.ActiveCfg = Release|Any CPU
		{63F4C482-74B9-BAA2-D7E5-B028EA343A78}.Release|Any CPU.Build.0 = Release|Any CPU
		{67D98F8D-C648-442F-8B6F-BB57D3F84A1D}.Debug|Any CPU.ActiveCfg = Debug|Any CPU
		{67D98F8D-C648-442F-8B6F-BB57D3F84A1D}.Debug|Any CPU.Build.0 = Debug|Any CPU
		{67D98F8D-C648-442F-8B6F-BB57D3F84A1D}.Release|Any CPU.ActiveCfg = Release|Any CPU
		{67D98F8D-C648-442F-8B6F-BB57D3F84A1D}.Release|Any CPU.Build.0 = Release|Any CPU
	EndGlobalSection
	GlobalSection(SolutionProperties) = preSolution
		HideSolutionNode = FALSE
	EndGlobalSection
	GlobalSection(NestedProjects) = preSolution
		{5FFCDB52-0ABA-771F-4F73-ABF1A265F91A} = {02EA681E-C7D8-13C7-8484-4AC65E1B71E8}
		{85F38332-3161-078D-2E3F-1E94B45FBD3C} = {02EA681E-C7D8-13C7-8484-4AC65E1B71E8}
		{27E63431-4EBC-F0EC-6F1D-D4D3CE2E1C76} = {02EA681E-C7D8-13C7-8484-4AC65E1B71E8}
		{C8334599-FFAF-6898-B353-1E2EEDB5B183} = {02EA681E-C7D8-13C7-8484-4AC65E1B71E8}
		{63F4C482-74B9-BAA2-D7E5-B028EA343A78} = {02EA681E-C7D8-13C7-8484-4AC65E1B71E8}
		{67D98F8D-C648-442F-8B6F-BB57D3F84A1D} = {6670FA07-AA7E-4528-AD09-6ABCED9711C9}
	EndGlobalSection
	GlobalSection(ExtensibilityGlobals) = postSolution
		SolutionGuid = {393C27C2-609E-4C88-A162-2A155CE1B074}
	EndGlobalSection
EndGlobal
