
Microsoft Visual Studio Solution File, Format Version 12.00
# Visual Studio Version 17
VisualStudioVersion = 17.14.37516.0
MinimumVisualStudioVersion = 10.0.40219.1
Project("{2150E333-8FDC-42A3-9474-1A3956D46DE8}") = "src", "src", "{02EA681E-C7D8-13C7-8484-4AC65E1B71E8}"
EndProject
Project("{2150E333-8FDC-42A3-9474-1A3956D46DE8}") = "tests", "tests", "{6670FA07-AA7E-4528-AD09-6ABCED9711C9}"
EndProject
Project("{FAE04EC0-301F-11D3-BF4B-00C04F79EFBC}") = "DVLD.Api", "src\DVLD.Api\DVLD.Api.csproj", "{5FFCDB52-0ABA-771F-4F73-ABF1A265F91A}"
EndProject
Project("{FAE04EC0-301F-11D3-BF4B-00C04F79EFBC}") = "DVLD.Core", "src\DVLD.Core\DVLD.Core.csproj", "{52AF4546-F300-B92F-4BCF-9F5D9361BB57}"
EndProject
Project("{2150E333-8FDC-42A3-9474-1A3956D46DE8}") = "Solution Items", "Solution Items", "{D17D3206-47CF-47D5-A998-DE4099821FA5}"
EndProject
Project("{FAE04EC0-301F-11D3-BF4B-00C04F79EFBC}") = "DVLD.Infrastructure", "DVLD.Infrastructure\DVLD.Infrastructure.csproj", "{1A041F4C-19AA-4511-A300-26932BEB1FD3}"
EndProject
Global
	GlobalSection(SolutionConfigurationPlatforms) = preSolution
		Debug|Any CPU = Debug|Any CPU
		Release|Any CPU = Release|Any CPU
	EndGlobalSection
	GlobalSection(ProjectConfigurationPlatforms) = postSolution
		{5FFCDB52-0ABA-771F-4F73-ABF1A265F91A}.Debug|Any CPU.ActiveCfg = Debug|Any CPU
		{5FFCDB52-0ABA-771F-4F73-ABF1A265F91A}.Debug|Any CPU.Build.0 = Debug|Any CPU
		{5FFCDB52-0ABA-771F-4F73-ABF1A265F91A}.Release|Any CPU.ActiveCfg = Release|Any CPU
		{5FFCDB52-0ABA-771F-4F73-ABF1A265F91A}.Release|Any CPU.Build.0 = Release|Any CPU
		{52AF4546-F300-B92F-4BCF-9F5D9361BB57}.Debug|Any CPU.ActiveCfg = Debug|Any CPU
		{52AF4546-F300-B92F-4BCF-9F5D9361BB57}.Debug|Any CPU.Build.0 = Debug|Any CPU
		{52AF4546-F300-B92F-4BCF-9F5D9361BB57}.Release|Any CPU.ActiveCfg = Release|Any CPU
		{52AF4546-F300-B92F-4BCF-9F5D9361BB57}.Release|Any CPU.Build.0 = Release|Any CPU
		{1A041F4C-19AA-4511-A300-26932BEB1FD3}.Debug|Any CPU.ActiveCfg = Debug|Any CPU
		{1A041F4C-19AA-4511-A300-26932BEB1FD3}.Debug|Any CPU.Build.0 = Debug|Any CPU
		{1A041F4C-19AA-4511-A300-26932BEB1FD3}.Release|Any CPU.ActiveCfg = Release|Any CPU
		{1A041F4C-19AA-4511-A300-26932BEB1FD3}.Release|Any CPU.Build.0 = Release|Any CPU
	EndGlobalSection
	GlobalSection(SolutionProperties) = preSolution
		HideSolutionNode = FALSE
	EndGlobalSection
	GlobalSection(NestedProjects) = preSolution
		{5FFCDB52-0ABA-771F-4F73-ABF1A265F91A} = {02EA681E-C7D8-13C7-8484-4AC65E1B71E8}
		{52AF4546-F300-B92F-4BCF-9F5D9361BB57} = {02EA681E-C7D8-13C7-8484-4AC65E1B71E8}
		{D17D3206-47CF-47D5-A998-DE4099821FA5} = {02EA681E-C7D8-13C7-8484-4AC65E1B71E8}
		{1A041F4C-19AA-4511-A300-26932BEB1FD3} = {D17D3206-47CF-47D5-A998-DE4099821FA5}
	EndGlobalSection
	GlobalSection(ExtensibilityGlobals) = postSolution
		SolutionGuid = {393C27C2-609E-4C88-A162-2A155CE1B074}
	EndGlobalSection
EndGlobal
